
Microsoft Visual Studio Solution File, Format Version 12.00
# Visual Studio Version 17
VisualStudioVersion = 17.2.32519.379
MinimumVisualStudioVersion = 10.0.40219.1
Project("{9A19103F-16F7-4668-BE54-9A1E7A4F7556}") = "BackendCode", "BackendCode\BackendCode.csproj", "{A5DA42C3-91EE-4F03-B71E-BFB27CF168E0}"
EndProject
Project("{9A19103F-16F7-4668-BE54-9A1E7A4F7556}") = "Achieve.Common", "Achieve.Common\Achieve.Common.csproj", "{F5E52D87-689A-41C0-934B-EE1113A0666E}"
EndProject
Global
	GlobalSection(SolutionConfigurationPlatforms) = preSolution
		Debug|Any CPU = Debug|Any CPU
		Release|Any CPU = Release|Any CPU
	EndGlobalSection
	GlobalSection(ProjectConfigurationPlatforms) = postSolution
		{A5DA42C3-91EE-4F03-B71E-BFB27CF168E0}.Debug|Any CPU.ActiveCfg = Debug|Any CPU
		{A5DA42C3-91EE-4F03-B71E-BFB27CF168E0}.Debug|Any CPU.Build.0 = Debug|Any CPU
		{A5DA42C3-91EE-4F03-B71E-BFB27CF168E0}.Release|Any CPU.ActiveCfg = Release|Any CPU
		{A5DA42C3-91EE-4F03-B71E-BFB27CF168E0}.Release|Any CPU.Build.0 = Release|Any CPU
		{F5E52D87-689A-41C0-934B-EE1113A0666E}.Debug|Any CPU.ActiveCfg = Debug|Any CPU
		{F5E52D87-689A-41C0-934B-EE1113A0666E}.Debug|Any CPU.Build.0 = Debug|Any CPU
		{F5E52D87-689A-41C0-934B-EE1113A0666E}.Release|Any CPU.ActiveCfg = Release|Any CPU
		{F5E52D87-689A-41C0-934B-EE1113A0666E}.Release|Any CPU.Build.0 = Release|Any CPU
	EndGlobalSection
	GlobalSection(SolutionProperties) = preSolution
		HideSolutionNode = FALSE
	EndGlobalSection
	GlobalSection(ExtensibilityGlobals) = postSolution
		SolutionGuid = {4B9CD8C2-2617-4267-9842-2BB92271B222}
	EndGlobalSection
EndGlobal
